// !$*UTF8*$!
{
	archiveVersion = 1;
	classes = {
	};
	objectVersion = 56;
	objects = {

/* Begin PBXBuildFile section */
		D26AF22B2B65EB5F0028CA37 /* AppDelegate.swift in Sources */ = {isa = PBXBuildFile; fileRef = D26AF22A2B65EB5F0028CA37 /* AppDelegate.swift */; };
		D26AF22D2B65EB5F0028CA37 /* SceneDelegate.swift in Sources */ = {isa = PBXBuildFile; fileRef = D26AF22C2B65EB5F0028CA37 /* SceneDelegate.swift */; };
		D26AF2342B65EB610028CA37 /* Assets.xcassets in Resources */ = {isa = PBXBuildFile; fileRef = D26AF2332B65EB610028CA37 /* Assets.xcassets */; };
		D26AF2372B65EB610028CA37 /* LaunchScreen.storyboard in Resources */ = {isa = PBXBuildFile; fileRef = D26AF2352B65EB610028CA37 /* LaunchScreen.storyboard */; };
		D26AF2402B65EBA70028CA37 /* SnapKit in Frameworks */ = {isa = PBXBuildFile; productRef = D26AF23F2B65EBA70028CA37 /* SnapKit */; };
		D26AF2422B65EBA70028CA37 /* SnapKit-Dynamic in Frameworks */ = {isa = PBXBuildFile; productRef = D26AF2412B65EBA70028CA37 /* SnapKit-Dynamic */; };
		D26AF26C2B65EE310028CA37 /* ReusableProtocol.swift in Sources */ = {isa = PBXBuildFile; fileRef = D26AF2442B65EE300028CA37 /* ReusableProtocol.swift */; };
		D26AF26D2B65EE310028CA37 /* APIKey.swift in Sources */ = {isa = PBXBuildFile; fileRef = D26AF2462B65EE300028CA37 /* APIKey.swift */; };
		D26AF26E2B65EE310028CA37 /* MainViewController.swift in Sources */ = {isa = PBXBuildFile; fileRef = D26AF2482B65EE300028CA37 /* MainViewController.swift */; };
		D26AF26F2B65EE310028CA37 /* ProductDetailViewController.swift in Sources */ = {isa = PBXBuildFile; fileRef = D26AF24A2B65EE300028CA37 /* ProductDetailViewController.swift */; };
		D26AF2702B65EE310028CA37 /* SearchResultViewController.swift in Sources */ = {isa = PBXBuildFile; fileRef = D26AF24B2B65EE300028CA37 /* SearchResultViewController.swift */; };
		D26AF2712B65EE310028CA37 /* TagCollectionViewCell.swift in Sources */ = {isa = PBXBuildFile; fileRef = D26AF24D2B65EE300028CA37 /* TagCollectionViewCell.swift */; };
		D26AF2742B65EE310028CA37 /* ResultCollectionViewCell.swift in Sources */ = {isa = PBXBuildFile; fileRef = D26AF2502B65EE300028CA37 /* ResultCollectionViewCell.swift */; };
		D26AF2752B65EE310028CA37 /* SearchQueryString.swift in Sources */ = {isa = PBXBuildFile; fileRef = D26AF2522B65EE300028CA37 /* SearchQueryString.swift */; };
		D26AF2762B65EE310028CA37 /* SearchResult.swift in Sources */ = {isa = PBXBuildFile; fileRef = D26AF2532B65EE300028CA37 /* SearchResult.swift */; };
		D26AF27A2B65EE310028CA37 /* UIImageView+Extension.swift in Sources */ = {isa = PBXBuildFile; fileRef = D26AF2592B65EE300028CA37 /* UIImageView+Extension.swift */; };
		D26AF27B2B65EE310028CA37 /* UIButton+Extension.swift in Sources */ = {isa = PBXBuildFile; fileRef = D26AF25A2B65EE300028CA37 /* UIButton+Extension.swift */; };
		D26AF27C2B65EE310028CA37 /* UIView+Extension.swift in Sources */ = {isa = PBXBuildFile; fileRef = D26AF25B2B65EE300028CA37 /* UIView+Extension.swift */; };
		D26AF27D2B65EE310028CA37 /* UICollectionView+Extension.swift in Sources */ = {isa = PBXBuildFile; fileRef = D26AF25C2B65EE300028CA37 /* UICollectionView+Extension.swift */; };
		D26AF27E2B65EE310028CA37 /* APIManager.swift in Sources */ = {isa = PBXBuildFile; fileRef = D26AF25E2B65EE300028CA37 /* APIManager.swift */; };
		D26AF27F2B65EE310028CA37 /* UserDefaultsManager.swift in Sources */ = {isa = PBXBuildFile; fileRef = D26AF25F2B65EE300028CA37 /* UserDefaultsManager.swift */; };
		D26AF2802B65EE310028CA37 /* SettingViewController.swift in Sources */ = {isa = PBXBuildFile; fileRef = D26AF2612B65EE300028CA37 /* SettingViewController.swift */; };
		D26AF2812B65EE310028CA37 /* UserTableViewCell.swift in Sources */ = {isa = PBXBuildFile; fileRef = D26AF2632B65EE300028CA37 /* UserTableViewCell.swift */; };
		D26AF2822B65EE310028CA37 /* UserTableViewCell.xib in Resources */ = {isa = PBXBuildFile; fileRef = D26AF2642B65EE300028CA37 /* UserTableViewCell.xib */; };
		D26AF2842B65EE310028CA37 /* ProfileImageCollectionViewCell.swift in Sources */ = {isa = PBXBuildFile; fileRef = D26AF2682B65EE310028CA37 /* ProfileImageCollectionViewCell.swift */; };
		D26AF2862B65EE310028CA37 /* ProfileImageViewController.swift in Sources */ = {isa = PBXBuildFile; fileRef = D26AF26A2B65EE310028CA37 /* ProfileImageViewController.swift */; };
		D26AF2872B65EE310028CA37 /* ProfileViewController.swift in Sources */ = {isa = PBXBuildFile; fileRef = D26AF26B2B65EE310028CA37 /* ProfileViewController.swift */; };
		D26AF2892B65EE550028CA37 /* .gitignore in Resources */ = {isa = PBXBuildFile; fileRef = D26AF2882B65EE550028CA37 /* .gitignore */; };
		D26AF28C2B65EE790028CA37 /* Kingfisher in Frameworks */ = {isa = PBXBuildFile; productRef = D26AF28B2B65EE790028CA37 /* Kingfisher */; };
		D26AF28F2B65EE840028CA37 /* Alamofire in Frameworks */ = {isa = PBXBuildFile; productRef = D26AF28E2B65EE840028CA37 /* Alamofire */; };
		D26AF2912B65FA970028CA37 /* MainTabBarController.swift in Sources */ = {isa = PBXBuildFile; fileRef = D26AF2902B65FA970028CA37 /* MainTabBarController.swift */; };
		D26AF2932B65FDA50028CA37 /* ConfigureProtocol.swift in Sources */ = {isa = PBXBuildFile; fileRef = D26AF2922B65FDA50028CA37 /* ConfigureProtocol.swift */; };
		D26AF2992B6604320028CA37 /* OnboardingViewController.swift in Sources */ = {isa = PBXBuildFile; fileRef = D26AF2982B6604320028CA37 /* OnboardingViewController.swift */; };
/* End PBXBuildFile section */

/* Begin PBXFileReference section */
		D26AF2272B65EB5F0028CA37 /* SeSACShopping.app */ = {isa = PBXFileReference; explicitFileType = wrapper.application; includeInIndex = 0; path = SeSACShopping.app; sourceTree = BUILT_PRODUCTS_DIR; };
		D26AF22A2B65EB5F0028CA37 /* AppDelegate.swift */ = {isa = PBXFileReference; lastKnownFileType = sourcecode.swift; path = AppDelegate.swift; sourceTree = "<group>"; };
		D26AF22C2B65EB5F0028CA37 /* SceneDelegate.swift */ = {isa = PBXFileReference; lastKnownFileType = sourcecode.swift; path = SceneDelegate.swift; sourceTree = "<group>"; };
		D26AF2332B65EB610028CA37 /* Assets.xcassets */ = {isa = PBXFileReference; lastKnownFileType = folder.assetcatalog; path = Assets.xcassets; sourceTree = "<group>"; };
		D26AF2362B65EB610028CA37 /* Base */ = {isa = PBXFileReference; lastKnownFileType = file.storyboard; name = Base; path = Base.lproj/LaunchScreen.storyboard; sourceTree = "<group>"; };
		D26AF2382B65EB610028CA37 /* Info.plist */ = {isa = PBXFileReference; lastKnownFileType = text.plist.xml; path = Info.plist; sourceTree = "<group>"; };
		D26AF2442B65EE300028CA37 /* ReusableProtocol.swift */ = {isa = PBXFileReference; fileEncoding = 4; lastKnownFileType = sourcecode.swift; path = ReusableProtocol.swift; sourceTree = "<group>"; };
		D26AF2462B65EE300028CA37 /* APIKey.swift */ = {isa = PBXFileReference; fileEncoding = 4; lastKnownFileType = sourcecode.swift; path = APIKey.swift; sourceTree = "<group>"; };
		D26AF2482B65EE300028CA37 /* MainViewController.swift */ = {isa = PBXFileReference; fileEncoding = 4; lastKnownFileType = sourcecode.swift; path = MainViewController.swift; sourceTree = "<group>"; };
		D26AF24A2B65EE300028CA37 /* ProductDetailViewController.swift */ = {isa = PBXFileReference; fileEncoding = 4; lastKnownFileType = sourcecode.swift; path = ProductDetailViewController.swift; sourceTree = "<group>"; };
		D26AF24B2B65EE300028CA37 /* SearchResultViewController.swift */ = {isa = PBXFileReference; fileEncoding = 4; lastKnownFileType = sourcecode.swift; path = SearchResultViewController.swift; sourceTree = "<group>"; };
		D26AF24D2B65EE300028CA37 /* TagCollectionViewCell.swift */ = {isa = PBXFileReference; fileEncoding = 4; lastKnownFileType = sourcecode.swift; path = TagCollectionViewCell.swift; sourceTree = "<group>"; };
		D26AF2502B65EE300028CA37 /* ResultCollectionViewCell.swift */ = {isa = PBXFileReference; fileEncoding = 4; lastKnownFileType = sourcecode.swift; path = ResultCollectionViewCell.swift; sourceTree = "<group>"; };
		D26AF2522B65EE300028CA37 /* SearchQueryString.swift */ = {isa = PBXFileReference; fileEncoding = 4; lastKnownFileType = sourcecode.swift; path = SearchQueryString.swift; sourceTree = "<group>"; };
		D26AF2532B65EE300028CA37 /* SearchResult.swift */ = {isa = PBXFileReference; fileEncoding = 4; lastKnownFileType = sourcecode.swift; path = SearchResult.swift; sourceTree = "<group>"; };
		D26AF2592B65EE300028CA37 /* UIImageView+Extension.swift */ = {isa = PBXFileReference; fileEncoding = 4; lastKnownFileType = sourcecode.swift; path = "UIImageView+Extension.swift"; sourceTree = "<group>"; };
		D26AF25A2B65EE300028CA37 /* UIButton+Extension.swift */ = {isa = PBXFileReference; fileEncoding = 4; lastKnownFileType = sourcecode.swift; path = "UIButton+Extension.swift"; sourceTree = "<group>"; };
		D26AF25B2B65EE300028CA37 /* UIView+Extension.swift */ = {isa = PBXFileReference; fileEncoding = 4; lastKnownFileType = sourcecode.swift; path = "UIView+Extension.swift"; sourceTree = "<group>"; };
		D26AF25C2B65EE300028CA37 /* UICollectionView+Extension.swift */ = {isa = PBXFileReference; fileEncoding = 4; lastKnownFileType = sourcecode.swift; path = "UICollectionView+Extension.swift"; sourceTree = "<group>"; };
		D26AF25E2B65EE300028CA37 /* APIManager.swift */ = {isa = PBXFileReference; fileEncoding = 4; lastKnownFileType = sourcecode.swift; path = APIManager.swift; sourceTree = "<group>"; };
		D26AF25F2B65EE300028CA37 /* UserDefaultsManager.swift */ = {isa = PBXFileReference; fileEncoding = 4; lastKnownFileType = sourcecode.swift; path = UserDefaultsManager.swift; sourceTree = "<group>"; };
		D26AF2612B65EE300028CA37 /* SettingViewController.swift */ = {isa = PBXFileReference; fileEncoding = 4; lastKnownFileType = sourcecode.swift; path = SettingViewController.swift; sourceTree = "<group>"; };
		D26AF2632B65EE300028CA37 /* UserTableViewCell.swift */ = {isa = PBXFileReference; fileEncoding = 4; lastKnownFileType = sourcecode.swift; path = UserTableViewCell.swift; sourceTree = "<group>"; };
		D26AF2642B65EE300028CA37 /* UserTableViewCell.xib */ = {isa = PBXFileReference; fileEncoding = 4; lastKnownFileType = file.xib; path = UserTableViewCell.xib; sourceTree = "<group>"; };
		D26AF2682B65EE310028CA37 /* ProfileImageCollectionViewCell.swift */ = {isa = PBXFileReference; fileEncoding = 4; lastKnownFileType = sourcecode.swift; path = ProfileImageCollectionViewCell.swift; sourceTree = "<group>"; };
		D26AF26A2B65EE310028CA37 /* ProfileImageViewController.swift */ = {isa = PBXFileReference; fileEncoding = 4; lastKnownFileType = sourcecode.swift; path = ProfileImageViewController.swift; sourceTree = "<group>"; };
		D26AF26B2B65EE310028CA37 /* ProfileViewController.swift */ = {isa = PBXFileReference; fileEncoding = 4; lastKnownFileType = sourcecode.swift; path = ProfileViewController.swift; sourceTree = "<group>"; };
		D26AF2882B65EE550028CA37 /* .gitignore */ = {isa = PBXFileReference; fileEncoding = 4; lastKnownFileType = text; path = .gitignore; sourceTree = "<group>"; };
		D26AF2902B65FA970028CA37 /* MainTabBarController.swift */ = {isa = PBXFileReference; lastKnownFileType = sourcecode.swift; path = MainTabBarController.swift; sourceTree = "<group>"; };
		D26AF2922B65FDA50028CA37 /* ConfigureProtocol.swift */ = {isa = PBXFileReference; lastKnownFileType = sourcecode.swift; path = ConfigureProtocol.swift; sourceTree = "<group>"; };
		D26AF2982B6604320028CA37 /* OnboardingViewController.swift */ = {isa = PBXFileReference; lastKnownFileType = sourcecode.swift; path = OnboardingViewController.swift; sourceTree = "<group>"; };
/* End PBXFileReference section */

/* Begin PBXFrameworksBuildPhase section */
		D26AF2242B65EB5F0028CA37 /* Frameworks */ = {
			isa = PBXFrameworksBuildPhase;
			buildActionMask = 2147483647;
			files = (
				D26AF28C2B65EE790028CA37 /* Kingfisher in Frameworks */,
				D26AF28F2B65EE840028CA37 /* Alamofire in Frameworks */,
				D26AF2402B65EBA70028CA37 /* SnapKit in Frameworks */,
				D26AF2422B65EBA70028CA37 /* SnapKit-Dynamic in Frameworks */,
			);
			runOnlyForDeploymentPostprocessing = 0;
		};
/* End PBXFrameworksBuildPhase section */

/* Begin PBXGroup section */
		D26AF21E2B65EB5F0028CA37 = {
			isa = PBXGroup;
			children = (
				D26AF2882B65EE550028CA37 /* .gitignore */,
				D26AF2292B65EB5F0028CA37 /* SeSACShopping */,
				D26AF2282B65EB5F0028CA37 /* Products */,
			);
			sourceTree = "<group>";
		};
		D26AF2282B65EB5F0028CA37 /* Products */ = {
			isa = PBXGroup;
			children = (
				D26AF2272B65EB5F0028CA37 /* SeSACShopping.app */,
			);
			name = Products;
			sourceTree = "<group>";
		};
		D26AF2292B65EB5F0028CA37 /* SeSACShopping */ = {
			isa = PBXGroup;
			children = (
				D26AF2972B6604180028CA37 /* Onboarding */,
				D26AF2582B65EE300028CA37 /* Extension */,
				D26AF25D2B65EE300028CA37 /* Manager */,
				D26AF2472B65EE300028CA37 /* Search */,
				D26AF2602B65EE300028CA37 /* Setting */,
				D26AF2652B65EE300028CA37 /* Profile */,
				D26AF2432B65EE300028CA37 /* Protocol */,
				D26AF2452B65EE300028CA37 /* Resource */,
				D26AF22A2B65EB5F0028CA37 /* AppDelegate.swift */,
				D26AF22C2B65EB5F0028CA37 /* SceneDelegate.swift */,
				D26AF2332B65EB610028CA37 /* Assets.xcassets */,
				D26AF2352B65EB610028CA37 /* LaunchScreen.storyboard */,
				D26AF2382B65EB610028CA37 /* Info.plist */,
			);
			path = SeSACShopping;
			sourceTree = "<group>";
		};
		D26AF2432B65EE300028CA37 /* Protocol */ = {
			isa = PBXGroup;
			children = (
				D26AF2442B65EE300028CA37 /* ReusableProtocol.swift */,
				D26AF2922B65FDA50028CA37 /* ConfigureProtocol.swift */,
			);
			path = Protocol;
			sourceTree = "<group>";
		};
		D26AF2452B65EE300028CA37 /* Resource */ = {
			isa = PBXGroup;
			children = (
				D26AF2462B65EE300028CA37 /* APIKey.swift */,
				D26AF2902B65FA970028CA37 /* MainTabBarController.swift */,
			);
			path = Resource;
			sourceTree = "<group>";
		};
		D26AF2472B65EE300028CA37 /* Search */ = {
			isa = PBXGroup;
			children = (
				D26AF2482B65EE300028CA37 /* MainViewController.swift */,
				D26AF2492B65EE300028CA37 /* SearchResult */,
			);
			path = Search;
			sourceTree = "<group>";
		};
		D26AF2492B65EE300028CA37 /* SearchResult */ = {
			isa = PBXGroup;
			children = (
				D26AF24A2B65EE300028CA37 /* ProductDetailViewController.swift */,
				D26AF24B2B65EE300028CA37 /* SearchResultViewController.swift */,
				D26AF24C2B65EE300028CA37 /* Cell */,
				D26AF2512B65EE300028CA37 /* Model */,
			);
			path = SearchResult;
			sourceTree = "<group>";
		};
		D26AF24C2B65EE300028CA37 /* Cell */ = {
			isa = PBXGroup;
			children = (
				D26AF24D2B65EE300028CA37 /* TagCollectionViewCell.swift */,
				D26AF2502B65EE300028CA37 /* ResultCollectionViewCell.swift */,
			);
			path = Cell;
			sourceTree = "<group>";
		};
		D26AF2512B65EE300028CA37 /* Model */ = {
			isa = PBXGroup;
			children = (
				D26AF2522B65EE300028CA37 /* SearchQueryString.swift */,
				D26AF2532B65EE300028CA37 /* SearchResult.swift */,
			);
			path = Model;
			sourceTree = "<group>";
		};
		D26AF2582B65EE300028CA37 /* Extension */ = {
			isa = PBXGroup;
			children = (
				D26AF2592B65EE300028CA37 /* UIImageView+Extension.swift */,
				D26AF25A2B65EE300028CA37 /* UIButton+Extension.swift */,
				D26AF25B2B65EE300028CA37 /* UIView+Extension.swift */,
				D26AF25C2B65EE300028CA37 /* UICollectionView+Extension.swift */,
			);
			path = Extension;
			sourceTree = "<group>";
		};
		D26AF25D2B65EE300028CA37 /* Manager */ = {
			isa = PBXGroup;
			children = (
				D26AF25E2B65EE300028CA37 /* APIManager.swift */,
				D26AF25F2B65EE300028CA37 /* UserDefaultsManager.swift */,
			);
			path = Manager;
			sourceTree = "<group>";
		};
		D26AF2602B65EE300028CA37 /* Setting */ = {
			isa = PBXGroup;
			children = (
				D26AF2612B65EE300028CA37 /* SettingViewController.swift */,
				D26AF2622B65EE300028CA37 /* Cell */,
			);
			path = Setting;
			sourceTree = "<group>";
		};
		D26AF2622B65EE300028CA37 /* Cell */ = {
			isa = PBXGroup;
			children = (
				D26AF2632B65EE300028CA37 /* UserTableViewCell.swift */,
				D26AF2642B65EE300028CA37 /* UserTableViewCell.xib */,
			);
			path = Cell;
			sourceTree = "<group>";
		};
		D26AF2652B65EE300028CA37 /* Profile */ = {
			isa = PBXGroup;
			children = (
				D26AF2672B65EE300028CA37 /* Cell */,
				D26AF26A2B65EE310028CA37 /* ProfileImageViewController.swift */,
				D26AF26B2B65EE310028CA37 /* ProfileViewController.swift */,
			);
			path = Profile;
			sourceTree = "<group>";
		};
		D26AF2672B65EE300028CA37 /* Cell */ = {
			isa = PBXGroup;
			children = (
				D26AF2682B65EE310028CA37 /* ProfileImageCollectionViewCell.swift */,
			);
			path = Cell;
			sourceTree = "<group>";
		};
		D26AF2972B6604180028CA37 /* Onboarding */ = {
			isa = PBXGroup;
			children = (
				D26AF2982B6604320028CA37 /* OnboardingViewController.swift */,
			);
			path = Onboarding;
			sourceTree = "<group>";
		};
/* End PBXGroup section */

/* Begin PBXNativeTarget section */
		D26AF2262B65EB5F0028CA37 /* SeSACShopping */ = {
			isa = PBXNativeTarget;
			buildConfigurationList = D26AF23B2B65EB610028CA37 /* Build configuration list for PBXNativeTarget "SeSACShopping" */;
			buildPhases = (
				D26AF2232B65EB5F0028CA37 /* Sources */,
				D26AF2242B65EB5F0028CA37 /* Frameworks */,
				D26AF2252B65EB5F0028CA37 /* Resources */,
			);
			buildRules = (
			);
			dependencies = (
			);
			name = SeSACShopping;
			packageProductDependencies = (
				D26AF23F2B65EBA70028CA37 /* SnapKit */,
				D26AF2412B65EBA70028CA37 /* SnapKit-Dynamic */,
				D26AF28B2B65EE790028CA37 /* Kingfisher */,
				D26AF28E2B65EE840028CA37 /* Alamofire */,
			);
			productName = SeSACShopping;
			productReference = D26AF2272B65EB5F0028CA37 /* SeSACShopping.app */;
			productType = "com.apple.product-type.application";
		};
/* End PBXNativeTarget section */

/* Begin PBXProject section */
		D26AF21F2B65EB5F0028CA37 /* Project object */ = {
			isa = PBXProject;
			attributes = {
				BuildIndependentTargetsInParallel = 1;
				LastSwiftUpdateCheck = 1520;
				LastUpgradeCheck = 1520;
				TargetAttributes = {
					D26AF2262B65EB5F0028CA37 = {
						CreatedOnToolsVersion = 15.2;
					};
				};
			};
			buildConfigurationList = D26AF2222B65EB5F0028CA37 /* Build configuration list for PBXProject "SeSACShopping" */;
			compatibilityVersion = "Xcode 14.0";
			developmentRegion = en;
			hasScannedForEncodings = 0;
			knownRegions = (
				en,
				Base,
			);
			mainGroup = D26AF21E2B65EB5F0028CA37;
			packageReferences = (
				D26AF23E2B65EBA70028CA37 /* XCRemoteSwiftPackageReference "SnapKit" */,
				D26AF28A2B65EE790028CA37 /* XCRemoteSwiftPackageReference "Kingfisher" */,
				D26AF28D2B65EE840028CA37 /* XCRemoteSwiftPackageReference "Alamofire" */,
			);
			productRefGroup = D26AF2282B65EB5F0028CA37 /* Products */;
			projectDirPath = "";
			projectRoot = "";
			targets = (
				D26AF2262B65EB5F0028CA37 /* SeSACShopping */,
			);
		};
/* End PBXProject section */

/* Begin PBXResourcesBuildPhase section */
		D26AF2252B65EB5F0028CA37 /* Resources */ = {
			isa = PBXResourcesBuildPhase;
			buildActionMask = 2147483647;
			files = (
				D26AF2892B65EE550028CA37 /* .gitignore in Resources */,
				D26AF2372B65EB610028CA37 /* LaunchScreen.storyboard in Resources */,
				D26AF2822B65EE310028CA37 /* UserTableViewCell.xib in Resources */,
				D26AF2342B65EB610028CA37 /* Assets.xcassets in Resources */,
			);
			runOnlyForDeploymentPostprocessing = 0;
		};
/* End PBXResourcesBuildPhase section */

/* Begin PBXSourcesBuildPhase section */
		D26AF2232B65EB5F0028CA37 /* Sources */ = {
			isa = PBXSourcesBuildPhase;
			buildActionMask = 2147483647;
			files = (
				D26AF27D2B65EE310028CA37 /* UICollectionView+Extension.swift in Sources */,
				D26AF2762B65EE310028CA37 /* SearchResult.swift in Sources */,
				D26AF2912B65FA970028CA37 /* MainTabBarController.swift in Sources */,
				D26AF22B2B65EB5F0028CA37 /* AppDelegate.swift in Sources */,
				D26AF27A2B65EE310028CA37 /* UIImageView+Extension.swift in Sources */,
				D26AF2812B65EE310028CA37 /* UserTableViewCell.swift in Sources */,
				D26AF27C2B65EE310028CA37 /* UIView+Extension.swift in Sources */,
				D26AF2862B65EE310028CA37 /* ProfileImageViewController.swift in Sources */,
				D26AF2842B65EE310028CA37 /* ProfileImageCollectionViewCell.swift in Sources */,
				D26AF2752B65EE310028CA37 /* SearchQueryString.swift in Sources */,
				D26AF2742B65EE310028CA37 /* ResultCollectionViewCell.swift in Sources */,
				D26AF2712B65EE310028CA37 /* TagCollectionViewCell.swift in Sources */,
				D26AF2992B6604320028CA37 /* OnboardingViewController.swift in Sources */,
				D26AF2702B65EE310028CA37 /* SearchResultViewController.swift in Sources */,
				D26AF22D2B65EB5F0028CA37 /* SceneDelegate.swift in Sources */,
				D26AF2932B65FDA50028CA37 /* ConfigureProtocol.swift in Sources */,
				D26AF26D2B65EE310028CA37 /* APIKey.swift in Sources */,
				D26AF2872B65EE310028CA37 /* ProfileViewController.swift in Sources */,
				D26AF27E2B65EE310028CA37 /* APIManager.swift in Sources */,
				D26AF26C2B65EE310028CA37 /* ReusableProtocol.swift in Sources */,
				D26AF27F2B65EE310028CA37 /* UserDefaultsManager.swift in Sources */,
				D26AF26E2B65EE310028CA37 /* MainViewController.swift in Sources */,
				D26AF2802B65EE310028CA37 /* SettingViewController.swift in Sources */,
				D26AF26F2B65EE310028CA37 /* ProductDetailViewController.swift in Sources */,
				D26AF27B2B65EE310028CA37 /* UIButton+Extension.swift in Sources */,
			);
			runOnlyForDeploymentPostprocessing = 0;
		};
/* End PBXSourcesBuildPhase section */

/* Begin PBXVariantGroup section */
		D26AF2352B65EB610028CA37 /* LaunchScreen.storyboard */ = {
			isa = PBXVariantGroup;
			children = (
				D26AF2362B65EB610028CA37 /* Base */,
			);
			name = LaunchScreen.storyboard;
			sourceTree = "<group>";
		};
/* End PBXVariantGroup section */

/* Begin XCBuildConfiguration section */
		D26AF2392B65EB610028CA37 /* Debug */ = {
			isa = XCBuildConfiguration;
			buildSettings = {
				ALWAYS_SEARCH_USER_PATHS = NO;
				ASSETCATALOG_COMPILER_GENERATE_SWIFT_ASSET_SYMBOL_EXTENSIONS = YES;
				CLANG_ANALYZER_NONNULL = YES;
				CLANG_ANALYZER_NUMBER_OBJECT_CONVERSION = YES_AGGRESSIVE;
				CLANG_CXX_LANGUAGE_STANDARD = "gnu++20";
				CLANG_ENABLE_MODULES = YES;
				CLANG_ENABLE_OBJC_ARC = YES;
				CLANG_ENABLE_OBJC_WEAK = YES;
				CLANG_WARN_BLOCK_CAPTURE_AUTORELEASING = YES;
				CLANG_WARN_BOOL_CONVERSION = YES;
				CLANG_WARN_COMMA = YES;
				CLANG_WARN_CONSTANT_CONVERSION = YES;
				CLANG_WARN_DEPRECATED_OBJC_IMPLEMENTATIONS = YES;
				CLANG_WARN_DIRECT_OBJC_ISA_USAGE = YES_ERROR;
				CLANG_WARN_DOCUMENTATION_COMMENTS = YES;
				CLANG_WARN_EMPTY_BODY = YES;
				CLANG_WARN_ENUM_CONVERSION = YES;
				CLANG_WARN_INFINITE_RECURSION = YES;
				CLANG_WARN_INT_CONVERSION = YES;
				CLANG_WARN_NON_LITERAL_NULL_CONVERSION = YES;
				CLANG_WARN_OBJC_IMPLICIT_RETAIN_SELF = YES;
				CLANG_WARN_OBJC_LITERAL_CONVERSION = YES;
				CLANG_WARN_OBJC_ROOT_CLASS = YES_ERROR;
				CLANG_WARN_QUOTED_INCLUDE_IN_FRAMEWORK_HEADER = YES;
				CLANG_WARN_RANGE_LOOP_ANALYSIS = YES;
				CLANG_WARN_STRICT_PROTOTYPES = YES;
				CLANG_WARN_SUSPICIOUS_MOVE = YES;
				CLANG_WARN_UNGUARDED_AVAILABILITY = YES_AGGRESSIVE;
				CLANG_WARN_UNREACHABLE_CODE = YES;
				CLANG_WARN__DUPLICATE_METHOD_MATCH = YES;
				COPY_PHASE_STRIP = NO;
				DEBUG_INFORMATION_FORMAT = dwarf;
				ENABLE_STRICT_OBJC_MSGSEND = YES;
				ENABLE_TESTABILITY = YES;
				ENABLE_USER_SCRIPT_SANDBOXING = YES;
				GCC_C_LANGUAGE_STANDARD = gnu17;
				GCC_DYNAMIC_NO_PIC = NO;
				GCC_NO_COMMON_BLOCKS = YES;
				GCC_OPTIMIZATION_LEVEL = 0;
				GCC_PREPROCESSOR_DEFINITIONS = (
					"DEBUG=1",
					"$(inherited)",
				);
				GCC_WARN_64_TO_32_BIT_CONVERSION = YES;
				GCC_WARN_ABOUT_RETURN_TYPE = YES_ERROR;
				GCC_WARN_UNDECLARED_SELECTOR = YES;
				GCC_WARN_UNINITIALIZED_AUTOS = YES_AGGRESSIVE;
				GCC_WARN_UNUSED_FUNCTION = YES;
				GCC_WARN_UNUSED_VARIABLE = YES;
				IPHONEOS_DEPLOYMENT_TARGET = 17.2;
				LOCALIZATION_PREFERS_STRING_CATALOGS = YES;
				MTL_ENABLE_DEBUG_INFO = INCLUDE_SOURCE;
				MTL_FAST_MATH = YES;
				ONLY_ACTIVE_ARCH = YES;
				SDKROOT = iphoneos;
				SWIFT_ACTIVE_COMPILATION_CONDITIONS = "DEBUG $(inherited)";
				SWIFT_OPTIMIZATION_LEVEL = "-Onone";
			};
			name = Debug;
		};
		D26AF23A2B65EB610028CA37 /* Release */ = {
			isa = XCBuildConfiguration;
			buildSettings = {
				ALWAYS_SEARCH_USER_PATHS = NO;
				ASSETCATALOG_COMPILER_GENERATE_SWIFT_ASSET_SYMBOL_EXTENSIONS = YES;
				CLANG_ANALYZER_NONNULL = YES;
				CLANG_ANALYZER_NUMBER_OBJECT_CONVERSION = YES_AGGRESSIVE;
				CLANG_CXX_LANGUAGE_STANDARD = "gnu++20";
				CLANG_ENABLE_MODULES = YES;
				CLANG_ENABLE_OBJC_ARC = YES;
				CLANG_ENABLE_OBJC_WEAK = YES;
				CLANG_WARN_BLOCK_CAPTURE_AUTORELEASING = YES;
				CLANG_WARN_BOOL_CONVERSION = YES;
				CLANG_WARN_COMMA = YES;
				CLANG_WARN_CONSTANT_CONVERSION = YES;
				CLANG_WARN_DEPRECATED_OBJC_IMPLEMENTATIONS = YES;
				CLANG_WARN_DIRECT_OBJC_ISA_USAGE = YES_ERROR;
				CLANG_WARN_DOCUMENTATION_COMMENTS = YES;
				CLANG_WARN_EMPTY_BODY = YES;
				CLANG_WARN_ENUM_CONVERSION = YES;
				CLANG_WARN_INFINITE_RECURSION = YES;
				CLANG_WARN_INT_CONVERSION = YES;
				CLANG_WARN_NON_LITERAL_NULL_CONVERSION = YES;
				CLANG_WARN_OBJC_IMPLICIT_RETAIN_SELF = YES;
				CLANG_WARN_OBJC_LITERAL_CONVERSION = YES;
				CLANG_WARN_OBJC_ROOT_CLASS = YES_ERROR;
				CLANG_WARN_QUOTED_INCLUDE_IN_FRAMEWORK_HEADER = YES;
				CLANG_WARN_RANGE_LOOP_ANALYSIS = YES;
				CLANG_WARN_STRICT_PROTOTYPES = YES;
				CLANG_WARN_SUSPICIOUS_MOVE = YES;
				CLANG_WARN_UNGUARDED_AVAILABILITY = YES_AGGRESSIVE;
				CLANG_WARN_UNREACHABLE_CODE = YES;
				CLANG_WARN__DUPLICATE_METHOD_MATCH = YES;
				COPY_PHASE_STRIP = NO;
				DEBUG_INFORMATION_FORMAT = "dwarf-with-dsym";
				ENABLE_NS_ASSERTIONS = NO;
				ENABLE_STRICT_OBJC_MSGSEND = YES;
				ENABLE_USER_SCRIPT_SANDBOXING = YES;
				GCC_C_LANGUAGE_STANDARD = gnu17;
				GCC_NO_COMMON_BLOCKS = YES;
				GCC_WARN_64_TO_32_BIT_CONVERSION = YES;
				GCC_WARN_ABOUT_RETURN_TYPE = YES_ERROR;
				GCC_WARN_UNDECLARED_SELECTOR = YES;
				GCC_WARN_UNINITIALIZED_AUTOS = YES_AGGRESSIVE;
				GCC_WARN_UNUSED_FUNCTION = YES;
				GCC_WARN_UNUSED_VARIABLE = YES;
				IPHONEOS_DEPLOYMENT_TARGET = 17.2;
				LOCALIZATION_PREFERS_STRING_CATALOGS = YES;
				MTL_ENABLE_DEBUG_INFO = NO;
				MTL_FAST_MATH = YES;
				SDKROOT = iphoneos;
				SWIFT_COMPILATION_MODE = wholemodule;
				VALIDATE_PRODUCT = YES;
			};
			name = Release;
		};
		D26AF23C2B65EB610028CA37 /* Debug */ = {
			isa = XCBuildConfiguration;
			buildSettings = {
				ASSETCATALOG_COMPILER_APPICON_NAME = AppIcon;
				ASSETCATALOG_COMPILER_GLOBAL_ACCENT_COLOR_NAME = AccentColor;
				CODE_SIGN_STYLE = Automatic;
				CURRENT_PROJECT_VERSION = 1;
				DEVELOPMENT_TEAM = 7TH7TS2438;
				GENERATE_INFOPLIST_FILE = YES;
				INFOPLIST_FILE = SeSACShopping/Info.plist;
				INFOPLIST_KEY_UIApplicationSupportsIndirectInputEvents = YES;
				INFOPLIST_KEY_UILaunchStoryboardName = LaunchScreen;
				INFOPLIST_KEY_UIMainStoryboardFile = "";
				INFOPLIST_KEY_UISupportedInterfaceOrientations = UIInterfaceOrientationPortrait;
				INFOPLIST_KEY_UISupportedInterfaceOrientations_iPad = "UIInterfaceOrientationLandscapeLeft UIInterfaceOrientationLandscapeRight UIInterfaceOrientationPortrait UIInterfaceOrientationPortraitUpsideDown";
				INFOPLIST_KEY_UIUserInterfaceStyle = Dark;
				LD_RUNPATH_SEARCH_PATHS = (
					"$(inherited)",
					"@executable_path/Frameworks",
				);
				MARKETING_VERSION = 1.0;
				PRODUCT_BUNDLE_IDENTIFIER = com.jaehee.SeSACShopping;
				PRODUCT_NAME = "$(TARGET_NAME)";
				SUPPORTED_PLATFORMS = "iphoneos iphonesimulator";
				SUPPORTS_MACCATALYST = NO;
				SUPPORTS_MAC_DESIGNED_FOR_IPHONE_IPAD = NO;
				SUPPORTS_XR_DESIGNED_FOR_IPHONE_IPAD = NO;
				SWIFT_EMIT_LOC_STRINGS = YES;
				SWIFT_VERSION = 5.0;
				TARGETED_DEVICE_FAMILY = 1;
			};
			name = Debug;
		};
		D26AF23D2B65EB610028CA37 /* Release */ = {
			isa = XCBuildConfiguration;
			buildSettings = {
				ASSETCATALOG_COMPILER_APPICON_NAME = AppIcon;
				ASSETCATALOG_COMPILER_GLOBAL_ACCENT_COLOR_NAME = AccentColor;
				CODE_SIGN_STYLE = Automatic;
				CURRENT_PROJECT_VERSION = 1;
				DEVELOPMENT_TEAM = 7TH7TS2438;
				GENERATE_INFOPLIST_FILE = YES;
				INFOPLIST_FILE = SeSACShopping/Info.plist;
				INFOPLIST_KEY_UIApplicationSupportsIndirectInputEvents = YES;
				INFOPLIST_KEY_UILaunchStoryboardName = LaunchScreen;
				INFOPLIST_KEY_UIMainStoryboardFile = "";
				INFOPLIST_KEY_UISupportedInterfaceOrientations = UIInterfaceOrientationPortrait;
				INFOPLIST_KEY_UISupportedInterfaceOrientations_iPad = "UIInterfaceOrientationLandscapeLeft UIInterfaceOrientationLandscapeRight UIInterfaceOrientationPortrait UIInterfaceOrientationPortraitUpsideDown";
				INFOPLIST_KEY_UIUserInterfaceStyle = Dark;
				LD_RUNPATH_SEARCH_PATHS = (
					"$(inherited)",
					"@executable_path/Frameworks",
				);
				MARKETING_VERSION = 1.0;
				PRODUCT_BUNDLE_IDENTIFIER = com.jaehee.SeSACShopping;
				PRODUCT_NAME = "$(TARGET_NAME)";
				SUPPORTED_PLATFORMS = "iphoneos iphonesimulator";
				SUPPORTS_MACCATALYST = NO;
				SUPPORTS_MAC_DESIGNED_FOR_IPHONE_IPAD = NO;
				SUPPORTS_XR_DESIGNED_FOR_IPHONE_IPAD = NO;
				SWIFT_EMIT_LOC_STRINGS = YES;
				SWIFT_VERSION = 5.0;
				TARGETED_DEVICE_FAMILY = 1;
			};
			name = Release;
		};
/* End XCBuildConfiguration section */

/* Begin XCConfigurationList section */
		D26AF2222B65EB5F0028CA37 /* Build configuration list for PBXProject "SeSACShopping" */ = {
			isa = XCConfigurationList;
			buildConfigurations = (
				D26AF2392B65EB610028CA37 /* Debug */,
				D26AF23A2B65EB610028CA37 /* Release */,
			);
			defaultConfigurationIsVisible = 0;
			defaultConfigurationName = Release;
		};
		D26AF23B2B65EB610028CA37 /* Build configuration list for PBXNativeTarget "SeSACShopping" */ = {
			isa = XCConfigurationList;
			buildConfigurations = (
				D26AF23C2B65EB610028CA37 /* Debug */,
				D26AF23D2B65EB610028CA37 /* Release */,
			);
			defaultConfigurationIsVisible = 0;
			defaultConfigurationName = Release;
		};
/* End XCConfigurationList section */

/* Begin XCRemoteSwiftPackageReference section */
		D26AF23E2B65EBA70028CA37 /* XCRemoteSwiftPackageReference "SnapKit" */ = {
			isa = XCRemoteSwiftPackageReference;
			repositoryURL = "https://github.com/SnapKit/SnapKit";
			requirement = {
				kind = upToNextMajorVersion;
				minimumVersion = 5.7.0;
			};
		};
		D26AF28A2B65EE790028CA37 /* XCRemoteSwiftPackageReference "Kingfisher" */ = {
			isa = XCRemoteSwiftPackageReference;
			repositoryURL = "https://github.com/onevcat/Kingfisher";
			requirement = {
				kind = upToNextMajorVersion;
				minimumVersion = 7.10.2;
			};
		};
		D26AF28D2B65EE840028CA37 /* XCRemoteSwiftPackageReference "Alamofire" */ = {
			isa = XCRemoteSwiftPackageReference;
			repositoryURL = "https://github.com/Alamofire/Alamofire";
			requirement = {
				kind = upToNextMajorVersion;
				minimumVersion = 5.8.1;
			};
		};
/* End XCRemoteSwiftPackageReference section */

/* Begin XCSwiftPackageProductDependency section */
		D26AF23F2B65EBA70028CA37 /* SnapKit */ = {
			isa = XCSwiftPackageProductDependency;
			package = D26AF23E2B65EBA70028CA37 /* XCRemoteSwiftPackageReference "SnapKit" */;
			productName = SnapKit;
		};
		D26AF2412B65EBA70028CA37 /* SnapKit-Dynamic */ = {
			isa = XCSwiftPackageProductDependency;
			package = D26AF23E2B65EBA70028CA37 /* XCRemoteSwiftPackageReference "SnapKit" */;
			productName = "SnapKit-Dynamic";
		};
		D26AF28B2B65EE790028CA37 /* Kingfisher */ = {
			isa = XCSwiftPackageProductDependency;
			package = D26AF28A2B65EE790028CA37 /* XCRemoteSwiftPackageReference "Kingfisher" */;
			productName = Kingfisher;
		};
		D26AF28E2B65EE840028CA37 /* Alamofire */ = {
			isa = XCSwiftPackageProductDependency;
			package = D26AF28D2B65EE840028CA37 /* XCRemoteSwiftPackageReference "Alamofire" */;
			productName = Alamofire;
		};
/* End XCSwiftPackageProductDependency section */
	};
	rootObject = D26AF21F2B65EB5F0028CA37 /* Project object */;
}
